// !$*UTF8*$!
{
	archiveVersion = 1;
	classes = {
	};
	objectVersion = 52;
	objects = {

/* Begin PBXAggregateTarget section */
		"CANHack::CANHackPackageTests::ProductTarget" /* CANHackPackageTests */ = {
			isa = PBXAggregateTarget;
			buildConfigurationList = OBJ_58 /* Build configuration list for PBXAggregateTarget "CANHackPackageTests" */;
			buildPhases = (
			);
			dependencies = (
				OBJ_61 /* PBXTargetDependency */,
			);
			name = CANHackPackageTests;
			productName = CANHackPackageTests;
		};
/* End PBXAggregateTarget section */

/* Begin PBXBuildFile section */
		73CFBB0A247B578F005743E4 /* Mock.swift in Sources */ = {isa = PBXBuildFile; fileRef = 73CFBB09247B578F005743E4 /* Mock.swift */; };
		73D23E5C247B813E00C307AA /* SmartCarUI in Frameworks */ = {isa = PBXBuildFile; productRef = 73D23E5B247B813E00C307AA /* SmartCarUI */; };
		OBJ_41 /* Byte.swift in Sources */ = {isa = PBXBuildFile; fileRef = OBJ_9 /* Byte.swift */; };
		OBJ_42 /* GVRET.swift in Sources */ = {isa = PBXBuildFile; fileRef = OBJ_10 /* GVRET.swift */; };
		OBJ_43 /* Message.swift in Sources */ = {isa = PBXBuildFile; fileRef = OBJ_11 /* Message.swift */; };
		OBJ_44 /* MessageID.swift in Sources */ = {isa = PBXBuildFile; fileRef = OBJ_12 /* MessageID.swift */; };
		OBJ_45 /* Parser.swift in Sources */ = {isa = PBXBuildFile; fileRef = OBJ_13 /* Parser.swift */; };
		OBJ_46 /* GroupedSignalSet.swift in Sources */ = {isa = PBXBuildFile; fileRef = OBJ_15 /* GroupedSignalSet.swift */; };
		OBJ_47 /* ObservableArray.swift in Sources */ = {isa = PBXBuildFile; fileRef = OBJ_16 /* ObservableArray.swift */; };
		OBJ_48 /* SignalInstance.swift in Sources */ = {isa = PBXBuildFile; fileRef = OBJ_17 /* SignalInstance.swift */; };
		OBJ_49 /* SignalSet.swift in Sources */ = {isa = PBXBuildFile; fileRef = OBJ_18 /* SignalSet.swift */; };
		OBJ_56 /* Package.swift in Sources */ = {isa = PBXBuildFile; fileRef = OBJ_6 /* Package.swift */; };
		OBJ_67 /* CANHackTests.swift in Sources */ = {isa = PBXBuildFile; fileRef = OBJ_30 /* CANHackTests.swift */; };
		OBJ_69 /* CANHackUI.framework in Frameworks */ = {isa = PBXBuildFile; fileRef = "CANHack::CANHackUI::Product" /* CANHackUI.framework */; };
		OBJ_70 /* CANHack.framework in Frameworks */ = {isa = PBXBuildFile; fileRef = "CANHack::CANHack::Product" /* CANHack.framework */; };
		OBJ_79 /* BinaryDataView.swift in Sources */ = {isa = PBXBuildFile; fileRef = OBJ_22 /* BinaryDataView.swift */; };
		OBJ_81 /* MessageSetView.swift in Sources */ = {isa = PBXBuildFile; fileRef = OBJ_24 /* MessageSetView.swift */; };
		OBJ_82 /* MessageStatView.swift in Sources */ = {isa = PBXBuildFile; fileRef = OBJ_25 /* MessageStatView.swift */; };
		OBJ_83 /* OccuranceGraphView.swift in Sources */ = {isa = PBXBuildFile; fileRef = OBJ_26 /* OccuranceGraphView.swift */; };
		OBJ_85 /* CANHack.framework in Frameworks */ = {isa = PBXBuildFile; fileRef = "CANHack::CANHack::Product" /* CANHack.framework */; };
/* End PBXBuildFile section */

/* Begin PBXContainerItemProxy section */
		73CFBAD5247B43E6005743E4 /* PBXContainerItemProxy */ = {
			isa = PBXContainerItemProxy;
			containerPortal = OBJ_1 /* Project object */;
			proxyType = 1;
			remoteGlobalIDString = "CANHack::CANHack";
			remoteInfo = CANHack;
		};
		73CFBAD6247B43E6005743E4 /* PBXContainerItemProxy */ = {
			isa = PBXContainerItemProxy;
			containerPortal = OBJ_1 /* Project object */;
			proxyType = 1;
			remoteGlobalIDString = "CANHack::CANHackUI";
			remoteInfo = CANHackUI;
		};
		73CFBAD7247B43E6005743E4 /* PBXContainerItemProxy */ = {
			isa = PBXContainerItemProxy;
			containerPortal = OBJ_1 /* Project object */;
			proxyType = 1;
			remoteGlobalIDString = "CANHack::CANHack";
			remoteInfo = CANHack;
		};
		73CFBAD8247B43E7005743E4 /* PBXContainerItemProxy */ = {
			isa = PBXContainerItemProxy;
			containerPortal = OBJ_1 /* Project object */;
			proxyType = 1;
			remoteGlobalIDString = "CANHack::CANHackTests";
			remoteInfo = CANHackTests;
		};
/* End PBXContainerItemProxy section */

/* Begin PBXFileReference section */
		73CFBB09247B578F005743E4 /* Mock.swift */ = {isa = PBXFileReference; fileEncoding = 4; lastKnownFileType = sourcecode.swift; path = Mock.swift; sourceTree = "<group>"; };
		"CANHack::CANHack::Product" /* CANHack.framework */ = {isa = PBXFileReference; explicitFileType = wrapper.framework; path = CANHack.framework; sourceTree = BUILT_PRODUCTS_DIR; };
		"CANHack::CANHackTests::Product" /* CANHackTests.xctest */ = {isa = PBXFileReference; explicitFileType = wrapper.cfbundle; path = CANHackTests.xctest; sourceTree = BUILT_PRODUCTS_DIR; };
		"CANHack::CANHackUI::Product" /* CANHackUI.framework */ = {isa = PBXFileReference; explicitFileType = wrapper.framework; path = CANHackUI.framework; sourceTree = BUILT_PRODUCTS_DIR; };
		OBJ_10 /* GVRET.swift */ = {isa = PBXFileReference; lastKnownFileType = sourcecode.swift; path = GVRET.swift; sourceTree = "<group>"; };
		OBJ_11 /* Message.swift */ = {isa = PBXFileReference; lastKnownFileType = sourcecode.swift; path = Message.swift; sourceTree = "<group>"; };
		OBJ_12 /* MessageID.swift */ = {isa = PBXFileReference; lastKnownFileType = sourcecode.swift; path = MessageID.swift; sourceTree = "<group>"; };
		OBJ_13 /* Parser.swift */ = {isa = PBXFileReference; lastKnownFileType = sourcecode.swift; path = Parser.swift; sourceTree = "<group>"; };
		OBJ_15 /* GroupedSignalSet.swift */ = {isa = PBXFileReference; lastKnownFileType = sourcecode.swift; path = GroupedSignalSet.swift; sourceTree = "<group>"; };
		OBJ_16 /* ObservableArray.swift */ = {isa = PBXFileReference; lastKnownFileType = sourcecode.swift; path = ObservableArray.swift; sourceTree = "<group>"; };
		OBJ_17 /* SignalInstance.swift */ = {isa = PBXFileReference; lastKnownFileType = sourcecode.swift; path = SignalInstance.swift; sourceTree = "<group>"; };
		OBJ_18 /* SignalSet.swift */ = {isa = PBXFileReference; lastKnownFileType = sourcecode.swift; path = SignalSet.swift; sourceTree = "<group>"; };
		OBJ_22 /* BinaryDataView.swift */ = {isa = PBXFileReference; lastKnownFileType = sourcecode.swift; name = BinaryDataView.swift; path = Graphing/BinaryDataView.swift; sourceTree = "<group>"; };
		OBJ_24 /* MessageSetView.swift */ = {isa = PBXFileReference; lastKnownFileType = sourcecode.swift; path = MessageSetView.swift; sourceTree = "<group>"; };
		OBJ_25 /* MessageStatView.swift */ = {isa = PBXFileReference; lastKnownFileType = sourcecode.swift; path = MessageStatView.swift; sourceTree = "<group>"; };
		OBJ_26 /* OccuranceGraphView.swift */ = {isa = PBXFileReference; lastKnownFileType = sourcecode.swift; path = OccuranceGraphView.swift; sourceTree = "<group>"; };
		OBJ_29 /* Info.plist */ = {isa = PBXFileReference; lastKnownFileType = text.plist.xml; path = Info.plist; sourceTree = "<group>"; };
		OBJ_30 /* CANHackTests.swift */ = {isa = PBXFileReference; lastKnownFileType = sourcecode.swift; path = CANHackTests.swift; sourceTree = "<group>"; };
		OBJ_35 /* README.md */ = {isa = PBXFileReference; lastKnownFileType = net.daringfireball.markdown; path = README.md; sourceTree = "<group>"; };
		OBJ_6 /* Package.swift */ = {isa = PBXFileReference; explicitFileType = sourcecode.swift; path = Package.swift; sourceTree = "<group>"; };
		OBJ_9 /* Byte.swift */ = {isa = PBXFileReference; lastKnownFileType = sourcecode.swift; path = Byte.swift; sourceTree = "<group>"; };
/* End PBXFileReference section */

/* Begin PBXFrameworksBuildPhase section */
		OBJ_50 /* Frameworks */ = {
			isa = PBXFrameworksBuildPhase;
			buildActionMask = 0;
			files = (
			);
			runOnlyForDeploymentPostprocessing = 0;
		};
		OBJ_68 /* Frameworks */ = {
			isa = PBXFrameworksBuildPhase;
			buildActionMask = 0;
			files = (
				OBJ_69 /* CANHackUI.framework in Frameworks */,
				OBJ_70 /* CANHack.framework in Frameworks */,
			);
			runOnlyForDeploymentPostprocessing = 0;
		};
		OBJ_84 /* Frameworks */ = {
			isa = PBXFrameworksBuildPhase;
			buildActionMask = 0;
			files = (
				OBJ_85 /* CANHack.framework in Frameworks */,
				73D23E5C247B813E00C307AA /* SmartCarUI in Frameworks */,
			);
			runOnlyForDeploymentPostprocessing = 0;
		};
/* End PBXFrameworksBuildPhase section */

/* Begin PBXGroup section */
		73CFBB14247B667F005743E4 /* Frameworks */ = {
			isa = PBXGroup;
			children = (
			);
			name = Frameworks;
			sourceTree = "<group>";
		};
		OBJ_14 /* Signal Occurance */ = {
			isa = PBXGroup;
			children = (
				OBJ_15 /* GroupedSignalSet.swift */,
				OBJ_16 /* ObservableArray.swift */,
				OBJ_17 /* SignalInstance.swift */,
				OBJ_18 /* SignalSet.swift */,
			);
			path = "Signal Occurance";
			sourceTree = "<group>";
		};
		OBJ_19 /* CANHackUI */ = {
			isa = PBXGroup;
			children = (
				OBJ_22 /* BinaryDataView.swift */,
				OBJ_24 /* MessageSetView.swift */,
				OBJ_25 /* MessageStatView.swift */,
				OBJ_26 /* OccuranceGraphView.swift */,
			);
			name = CANHackUI;
			path = Sources/CANHackUI;
			sourceTree = SOURCE_ROOT;
		};
		OBJ_27 /* Tests */ = {
			isa = PBXGroup;
			children = (
				OBJ_28 /* CANHackTests */,
			);
			name = Tests;
			sourceTree = SOURCE_ROOT;
		};
		OBJ_28 /* CANHackTests */ = {
			isa = PBXGroup;
			children = (
				OBJ_29 /* Info.plist */,
				OBJ_30 /* CANHackTests.swift */,
			);
			name = CANHackTests;
			path = Tests/CANHackTests;
			sourceTree = SOURCE_ROOT;
		};
		OBJ_31 /* Products */ = {
			isa = PBXGroup;
			children = (
				"CANHack::CANHackUI::Product" /* CANHackUI.framework */,
				"CANHack::CANHack::Product" /* CANHack.framework */,
				"CANHack::CANHackTests::Product" /* CANHackTests.xctest */,
			);
			name = Products;
			sourceTree = BUILT_PRODUCTS_DIR;
		};
		OBJ_5 = {
			isa = PBXGroup;
			children = (
				OBJ_6 /* Package.swift */,
				OBJ_7 /* Sources */,
				OBJ_27 /* Tests */,
				OBJ_31 /* Products */,
				OBJ_35 /* README.md */,
				73CFBB14247B667F005743E4 /* Frameworks */,
			);
			sourceTree = "<group>";
		};
		OBJ_7 /* Sources */ = {
			isa = PBXGroup;
			children = (
				OBJ_8 /* CANHack */,
				OBJ_19 /* CANHackUI */,
			);
			name = Sources;
			sourceTree = SOURCE_ROOT;
		};
		OBJ_8 /* CANHack */ = {
			isa = PBXGroup;
			children = (
				73CFBB09247B578F005743E4 /* Mock.swift */,
				OBJ_9 /* Byte.swift */,
				OBJ_10 /* GVRET.swift */,
				OBJ_11 /* Message.swift */,
				OBJ_12 /* MessageID.swift */,
				OBJ_13 /* Parser.swift */,
				OBJ_14 /* Signal Occurance */,
			);
			name = CANHack;
			path = Sources/CANHack;
			sourceTree = SOURCE_ROOT;
		};
/* End PBXGroup section */

/* Begin PBXNativeTarget section */
		"CANHack::CANHack" /* CANHack */ = {
			isa = PBXNativeTarget;
			buildConfigurationList = OBJ_37 /* Build configuration list for PBXNativeTarget "CANHack" */;
			buildPhases = (
				OBJ_40 /* Sources */,
				OBJ_50 /* Frameworks */,
			);
			buildRules = (
			);
			dependencies = (
			);
			name = CANHack;
			packageProductDependencies = (
			);
			productName = CANHack;
			productReference = "CANHack::CANHack::Product" /* CANHack.framework */;
			productType = "com.apple.product-type.framework";
		};
		"CANHack::CANHackTests" /* CANHackTests */ = {
			isa = PBXNativeTarget;
			buildConfigurationList = OBJ_63 /* Build configuration list for PBXNativeTarget "CANHackTests" */;
			buildPhases = (
				OBJ_66 /* Sources */,
				OBJ_68 /* Frameworks */,
			);
			buildRules = (
			);
			dependencies = (
				OBJ_71 /* PBXTargetDependency */,
				OBJ_73 /* PBXTargetDependency */,
			);
			name = CANHackTests;
			productName = CANHackTests;
			productReference = "CANHack::CANHackTests::Product" /* CANHackTests.xctest */;
			productType = "com.apple.product-type.bundle.unit-test";
		};
		"CANHack::CANHackUI" /* CANHackUI */ = {
			isa = PBXNativeTarget;
			buildConfigurationList = OBJ_74 /* Build configuration list for PBXNativeTarget "CANHackUI" */;
			buildPhases = (
				OBJ_77 /* Sources */,
				OBJ_84 /* Frameworks */,
			);
			buildRules = (
			);
			dependencies = (
				OBJ_86 /* PBXTargetDependency */,
			);
			name = CANHackUI;
			packageProductDependencies = (
				73D23E5B247B813E00C307AA /* SmartCarUI */,
			);
			productName = CANHackUI;
			productReference = "CANHack::CANHackUI::Product" /* CANHackUI.framework */;
			productType = "com.apple.product-type.framework";
		};
		"CANHack::SwiftPMPackageDescription" /* CANHackPackageDescription */ = {
			isa = PBXNativeTarget;
			buildConfigurationList = OBJ_52 /* Build configuration list for PBXNativeTarget "CANHackPackageDescription" */;
			buildPhases = (
				OBJ_55 /* Sources */,
			);
			buildRules = (
			);
			dependencies = (
			);
			name = CANHackPackageDescription;
			productName = CANHackPackageDescription;
			productType = "com.apple.product-type.framework";
		};
/* End PBXNativeTarget section */

/* Begin PBXProject section */
		OBJ_1 /* Project object */ = {
			isa = PBXProject;
			attributes = {
				LastSwiftMigration = 9999;
				LastSwiftUpdateCheck = 1150;
				LastUpgradeCheck = 1150;
				TargetAttributes = {
					"CANHack::CANHack" = {
						DevelopmentTeam = CB8792S7AP;
						ProvisioningStyle = Automatic;
					};
					"CANHack::CANHackUI" = {
						DevelopmentTeam = CB8792S7AP;
						ProvisioningStyle = Automatic;
					};
					"CANHack::SwiftPMPackageDescription" = {
						DevelopmentTeam = CB8792S7AP;
						ProvisioningStyle = Automatic;
					};
				};
			};
			buildConfigurationList = OBJ_2 /* Build configuration list for PBXProject "CANHack" */;
			compatibilityVersion = "Xcode 3.2";
			developmentRegion = en;
			hasScannedForEncodings = 0;
			knownRegions = (
				en,
				Base,
			);
			mainGroup = OBJ_5;
			packageReferences = (
				73D23E5A247B813E00C307AA /* XCRemoteSwiftPackageReference "SmartCarUI" */,
			);
			productRefGroup = OBJ_31 /* Products */;
			projectDirPath = "";
			projectRoot = "";
			targets = (
				"CANHack::CANHack" /* CANHack */,
				"CANHack::SwiftPMPackageDescription" /* CANHackPackageDescription */,
				"CANHack::CANHackPackageTests::ProductTarget" /* CANHackPackageTests */,
				"CANHack::CANHackTests" /* CANHackTests */,
				"CANHack::CANHackUI" /* CANHackUI */,
			);
		};
/* End PBXProject section */

/* Begin PBXSourcesBuildPhase section */
		OBJ_40 /* Sources */ = {
			isa = PBXSourcesBuildPhase;
			buildActionMask = 0;
			files = (
				OBJ_41 /* Byte.swift in Sources */,
				73CFBB0A247B578F005743E4 /* Mock.swift in Sources */,
				OBJ_42 /* GVRET.swift in Sources */,
				OBJ_43 /* Message.swift in Sources */,
				OBJ_44 /* MessageID.swift in Sources */,
				OBJ_45 /* Parser.swift in Sources */,
				OBJ_46 /* GroupedSignalSet.swift in Sources */,
				OBJ_47 /* ObservableArray.swift in Sources */,
				OBJ_48 /* SignalInstance.swift in Sources */,
				OBJ_49 /* SignalSet.swift in Sources */,
			);
			runOnlyForDeploymentPostprocessing = 0;
		};
		OBJ_55 /* Sources */ = {
			isa = PBXSourcesBuildPhase;
			buildActionMask = 0;
			files = (
				OBJ_56 /* Package.swift in Sources */,
			);
			runOnlyForDeploymentPostprocessing = 0;
		};
		OBJ_66 /* Sources */ = {
			isa = PBXSourcesBuildPhase;
			buildActionMask = 0;
			files = (
				OBJ_67 /* CANHackTests.swift in Sources */,
			);
			runOnlyForDeploymentPostprocessing = 0;
		};
		OBJ_77 /* Sources */ = {
			isa = PBXSourcesBuildPhase;
			buildActionMask = 0;
			files = (
				OBJ_79 /* BinaryDataView.swift in Sources */,
				OBJ_81 /* MessageSetView.swift in Sources */,
				OBJ_82 /* MessageStatView.swift in Sources */,
				OBJ_83 /* OccuranceGraphView.swift in Sources */,
			);
			runOnlyForDeploymentPostprocessing = 0;
		};
/* End PBXSourcesBuildPhase section */

/* Begin PBXTargetDependency section */
		OBJ_61 /* PBXTargetDependency */ = {
			isa = PBXTargetDependency;
			target = "CANHack::CANHackTests" /* CANHackTests */;
			targetProxy = 73CFBAD8247B43E7005743E4 /* PBXContainerItemProxy */;
		};
		OBJ_71 /* PBXTargetDependency */ = {
			isa = PBXTargetDependency;
			target = "CANHack::CANHackUI" /* CANHackUI */;
			targetProxy = 73CFBAD6247B43E6005743E4 /* PBXContainerItemProxy */;
		};
		OBJ_73 /* PBXTargetDependency */ = {
			isa = PBXTargetDependency;
			target = "CANHack::CANHack" /* CANHack */;
			targetProxy = 73CFBAD7247B43E6005743E4 /* PBXContainerItemProxy */;
		};
		OBJ_86 /* PBXTargetDependency */ = {
			isa = PBXTargetDependency;
			target = "CANHack::CANHack" /* CANHack */;
			targetProxy = 73CFBAD5247B43E6005743E4 /* PBXContainerItemProxy */;
		};
/* End PBXTargetDependency section */

/* Begin XCBuildConfiguration section */
		OBJ_3 /* Debug */ = {
			isa = XCBuildConfiguration;
			buildSettings = {
				CLANG_ENABLE_OBJC_ARC = YES;
				COMBINE_HIDPI_IMAGES = YES;
				COPY_PHASE_STRIP = NO;
				DEBUG_INFORMATION_FORMAT = dwarf;
				DYLIB_INSTALL_NAME_BASE = "@rpath";
				ENABLE_NS_ASSERTIONS = YES;
				GCC_OPTIMIZATION_LEVEL = 0;
				GCC_PREPROCESSOR_DEFINITIONS = (
					"$(inherited)",
					"SWIFT_PACKAGE=1",
					"DEBUG=1",
				);
				IPHONEOS_DEPLOYMENT_TARGET = 13.3;
				MACOSX_DEPLOYMENT_TARGET = 10.15;
				ONLY_ACTIVE_ARCH = YES;
				OTHER_SWIFT_FLAGS = "$(inherited) -DXcode";
				PRODUCT_NAME = "$(TARGET_NAME)";
				SDKROOT = iphoneos;
				SUPPORTED_PLATFORMS = "iphoneos iphonesimulator appletvos appletvsimulator watchos watchsimulator";
				SWIFT_ACTIVE_COMPILATION_CONDITIONS = "$(inherited) SWIFT_PACKAGE DEBUG";
				SWIFT_OPTIMIZATION_LEVEL = "-Onone";
				USE_HEADERMAP = NO;
			};
			name = Debug;
		};
		OBJ_38 /* Debug */ = {
			isa = XCBuildConfiguration;
			buildSettings = {
				CODE_SIGN_IDENTITY = "Apple Development";
				CODE_SIGN_STYLE = Automatic;
				DEVELOPMENT_TEAM = CB8792S7AP;
				ENABLE_TESTABILITY = YES;
				FRAMEWORK_SEARCH_PATHS = (
					"$(inherited)",
					"$(PLATFORM_DIR)/Developer/Library/Frameworks",
				);
				HEADER_SEARCH_PATHS = "$(inherited)";
				INFOPLIST_FILE = CANHack.xcodeproj/CANHack_Info.plist;
				IPHONEOS_DEPLOYMENT_TARGET = 13.3;
				LD_RUNPATH_SEARCH_PATHS = (
					"$(inherited)",
					"$(TOOLCHAIN_DIR)/usr/lib/swift/macosx",
				);
				MACOSX_DEPLOYMENT_TARGET = 10.15;
				OTHER_CFLAGS = "$(inherited)";
				OTHER_LDFLAGS = "$(inherited)";
				OTHER_SWIFT_FLAGS = "$(inherited)";
				PRODUCT_BUNDLE_IDENTIFIER = CANHack;
				PRODUCT_MODULE_NAME = "$(TARGET_NAME:c99extidentifier)";
				PRODUCT_NAME = "$(TARGET_NAME:c99extidentifier)";
				PROVISIONING_PROFILE_SPECIFIER = "";
				SUPPORTS_MACCATALYST = YES;
				SWIFT_ACTIVE_COMPILATION_CONDITIONS = "$(inherited)";
				SWIFT_VERSION = 5.0;
				TARGETED_DEVICE_FAMILY = "1,2";
				TARGET_NAME = CANHack;
				TVOS_DEPLOYMENT_TARGET = 13.3;
				WATCHOS_DEPLOYMENT_TARGET = 6.2;
			};
			name = Debug;
		};
		OBJ_39 /* Release */ = {
			isa = XCBuildConfiguration;
			buildSettings = {
				CODE_SIGN_IDENTITY = "Apple Development";
				CODE_SIGN_STYLE = Automatic;
				DEVELOPMENT_TEAM = CB8792S7AP;
				ENABLE_TESTABILITY = YES;
				FRAMEWORK_SEARCH_PATHS = (
					"$(inherited)",
					"$(PLATFORM_DIR)/Developer/Library/Frameworks",
				);
				HEADER_SEARCH_PATHS = "$(inherited)";
				INFOPLIST_FILE = CANHack.xcodeproj/CANHack_Info.plist;
				IPHONEOS_DEPLOYMENT_TARGET = 13.3;
				LD_RUNPATH_SEARCH_PATHS = (
					"$(inherited)",
					"$(TOOLCHAIN_DIR)/usr/lib/swift/macosx",
				);
				MACOSX_DEPLOYMENT_TARGET = 10.15;
				OTHER_CFLAGS = "$(inherited)";
				OTHER_LDFLAGS = "$(inherited)";
				OTHER_SWIFT_FLAGS = "$(inherited)";
				PRODUCT_BUNDLE_IDENTIFIER = CANHack;
				PRODUCT_MODULE_NAME = "$(TARGET_NAME:c99extidentifier)";
				PRODUCT_NAME = "$(TARGET_NAME:c99extidentifier)";
				PROVISIONING_PROFILE_SPECIFIER = "";
				SUPPORTS_MACCATALYST = YES;
				SWIFT_ACTIVE_COMPILATION_CONDITIONS = "$(inherited)";
				SWIFT_VERSION = 5.0;
				TARGETED_DEVICE_FAMILY = "1,2";
				TARGET_NAME = CANHack;
				TVOS_DEPLOYMENT_TARGET = 13.3;
				WATCHOS_DEPLOYMENT_TARGET = 6.2;
			};
			name = Release;
		};
		OBJ_4 /* Release */ = {
			isa = XCBuildConfiguration;
			buildSettings = {
				CLANG_ENABLE_OBJC_ARC = YES;
				COMBINE_HIDPI_IMAGES = YES;
				COPY_PHASE_STRIP = YES;
				DEBUG_INFORMATION_FORMAT = "dwarf-with-dsym";
				DYLIB_INSTALL_NAME_BASE = "@rpath";
				GCC_OPTIMIZATION_LEVEL = s;
				GCC_PREPROCESSOR_DEFINITIONS = (
					"$(inherited)",
					"SWIFT_PACKAGE=1",
				);
				IPHONEOS_DEPLOYMENT_TARGET = 13.3;
				MACOSX_DEPLOYMENT_TARGET = 10.15;
				OTHER_SWIFT_FLAGS = "$(inherited) -DXcode";
				PRODUCT_NAME = "$(TARGET_NAME)";
				SDKROOT = iphoneos;
				SUPPORTED_PLATFORMS = "iphoneos iphonesimulator appletvos appletvsimulator watchos watchsimulator";
				SWIFT_ACTIVE_COMPILATION_CONDITIONS = "$(inherited) SWIFT_PACKAGE";
				SWIFT_COMPILATION_MODE = wholemodule;
				SWIFT_OPTIMIZATION_LEVEL = "-O";
				USE_HEADERMAP = NO;
			};
			name = Release;
		};
		OBJ_53 /* Debug */ = {
			isa = XCBuildConfiguration;
			buildSettings = {
				CODE_SIGN_IDENTITY = "Apple Development";
				CODE_SIGN_STYLE = Automatic;
				DEVELOPMENT_TEAM = CB8792S7AP;
				LD = /usr/bin/true;
				OTHER_SWIFT_FLAGS = "-swift-version 5 -I $(TOOLCHAIN_DIR)/usr/lib/swift/pm/4_2 -target x86_64-apple-macosx10.10 -sdk /Applications/Xcode.app/Contents/Developer/Platforms/MacOSX.platform/Developer/SDKs/MacOSX10.15.sdk -package-description-version 5.2.0";
				PROVISIONING_PROFILE_SPECIFIER = "";
				SWIFT_VERSION = 5.0;
			};
			name = Debug;
		};
		OBJ_54 /* Release */ = {
			isa = XCBuildConfiguration;
			buildSettings = {
				CODE_SIGN_IDENTITY = "Apple Development";
				CODE_SIGN_STYLE = Automatic;
				DEVELOPMENT_TEAM = CB8792S7AP;
				LD = /usr/bin/true;
				OTHER_SWIFT_FLAGS = "-swift-version 5 -I $(TOOLCHAIN_DIR)/usr/lib/swift/pm/4_2 -target x86_64-apple-macosx10.10 -sdk /Applications/Xcode.app/Contents/Developer/Platforms/MacOSX.platform/Developer/SDKs/MacOSX10.15.sdk -package-description-version 5.2.0";
				PROVISIONING_PROFILE_SPECIFIER = "";
				SWIFT_VERSION = 5.0;
			};
			name = Release;
		};
		OBJ_59 /* Debug */ = {
			isa = XCBuildConfiguration;
			buildSettings = {
			};
			name = Debug;
		};
		OBJ_60 /* Release */ = {
			isa = XCBuildConfiguration;
			buildSettings = {
			};
			name = Release;
		};
		OBJ_64 /* Debug */ = {
			isa = XCBuildConfiguration;
			buildSettings = {
				CLANG_ENABLE_MODULES = YES;
				EMBEDDED_CONTENT_CONTAINS_SWIFT = YES;
				FRAMEWORK_SEARCH_PATHS = (
					"$(inherited)",
					"$(PLATFORM_DIR)/Developer/Library/Frameworks",
				);
				HEADER_SEARCH_PATHS = "$(inherited)";
				INFOPLIST_FILE = CANHack.xcodeproj/CANHackTests_Info.plist;
				IPHONEOS_DEPLOYMENT_TARGET = 13.3;
				LD_RUNPATH_SEARCH_PATHS = (
					"$(inherited)",
					"@loader_path/../Frameworks",
					"@loader_path/Frameworks",
				);
				MACOSX_DEPLOYMENT_TARGET = 10.15;
				OTHER_CFLAGS = "$(inherited)";
				OTHER_LDFLAGS = "$(inherited)";
				OTHER_SWIFT_FLAGS = "$(inherited)";
				SWIFT_ACTIVE_COMPILATION_CONDITIONS = "$(inherited)";
				SWIFT_VERSION = 5.0;
				TARGET_NAME = CANHackTests;
				TVOS_DEPLOYMENT_TARGET = 13.3;
				WATCHOS_DEPLOYMENT_TARGET = 6.2;
			};
			name = Debug;
		};
		OBJ_65 /* Release */ = {
			isa = XCBuildConfiguration;
			buildSettings = {
				CLANG_ENABLE_MODULES = YES;
				EMBEDDED_CONTENT_CONTAINS_SWIFT = YES;
				FRAMEWORK_SEARCH_PATHS = (
					"$(inherited)",
					"$(PLATFORM_DIR)/Developer/Library/Frameworks",
				);
				HEADER_SEARCH_PATHS = "$(inherited)";
				INFOPLIST_FILE = CANHack.xcodeproj/CANHackTests_Info.plist;
				IPHONEOS_DEPLOYMENT_TARGET = 13.3;
				LD_RUNPATH_SEARCH_PATHS = (
					"$(inherited)",
					"@loader_path/../Frameworks",
					"@loader_path/Frameworks",
				);
				MACOSX_DEPLOYMENT_TARGET = 10.15;
				OTHER_CFLAGS = "$(inherited)";
				OTHER_LDFLAGS = "$(inherited)";
				OTHER_SWIFT_FLAGS = "$(inherited)";
				SWIFT_ACTIVE_COMPILATION_CONDITIONS = "$(inherited)";
				SWIFT_VERSION = 5.0;
				TARGET_NAME = CANHackTests;
				TVOS_DEPLOYMENT_TARGET = 13.3;
				WATCHOS_DEPLOYMENT_TARGET = 6.2;
			};
			name = Release;
		};
		OBJ_75 /* Debug */ = {
			isa = XCBuildConfiguration;
			buildSettings = {
				CODE_SIGN_IDENTITY = "Apple Development";
				CODE_SIGN_STYLE = Automatic;
				DEVELOPMENT_TEAM = CB8792S7AP;
				ENABLE_TESTABILITY = YES;
				FRAMEWORK_SEARCH_PATHS = (
					"$(inherited)",
					"$(PLATFORM_DIR)/Developer/Library/Frameworks",
				);
				HEADER_SEARCH_PATHS = "$(inherited)";
				INFOPLIST_FILE = CANHack.xcodeproj/CANHackUI_Info.plist;
				IPHONEOS_DEPLOYMENT_TARGET = 13.3;
				LD_RUNPATH_SEARCH_PATHS = (
					"$(inherited)",
					"$(TOOLCHAIN_DIR)/usr/lib/swift/macosx",
				);
				MACOSX_DEPLOYMENT_TARGET = 10.15;
				OTHER_CFLAGS = "$(inherited)";
				OTHER_LDFLAGS = "$(inherited)";
				OTHER_SWIFT_FLAGS = "$(inherited)";
				PRODUCT_BUNDLE_IDENTIFIER = CANHackUI;
				PRODUCT_MODULE_NAME = "$(TARGET_NAME:c99extidentifier)";
				PRODUCT_NAME = "$(TARGET_NAME:c99extidentifier)";
				PROVISIONING_PROFILE_SPECIFIER = "";
				SKIP_INSTALL = YES;
				SUPPORTS_MACCATALYST = YES;
				SWIFT_ACTIVE_COMPILATION_CONDITIONS = "$(inherited)";
				SWIFT_VERSION = 5.0;
				TARGETED_DEVICE_FAMILY = "1,2";
				TARGET_NAME = CANHackUI;
				TVOS_DEPLOYMENT_TARGET = 13.3;
				WATCHOS_DEPLOYMENT_TARGET = 6.2;
			};
			name = Debug;
		};
		OBJ_76 /* Release */ = {
			isa = XCBuildConfiguration;
			buildSettings = {
				CODE_SIGN_IDENTITY = "Apple Development";
				CODE_SIGN_STYLE = Automatic;
				DEVELOPMENT_TEAM = CB8792S7AP;
				ENABLE_TESTABILITY = YES;
				FRAMEWORK_SEARCH_PATHS = (
					"$(inherited)",
					"$(PLATFORM_DIR)/Developer/Library/Frameworks",
				);
				HEADER_SEARCH_PATHS = "$(inherited)";
				INFOPLIST_FILE = CANHack.xcodeproj/CANHackUI_Info.plist;
				IPHONEOS_DEPLOYMENT_TARGET = 13.3;
				LD_RUNPATH_SEARCH_PATHS = (
					"$(inherited)",
					"$(TOOLCHAIN_DIR)/usr/lib/swift/macosx",
				);
				MACOSX_DEPLOYMENT_TARGET = 10.15;
				OTHER_CFLAGS = "$(inherited)";
				OTHER_LDFLAGS = "$(inherited)";
				OTHER_SWIFT_FLAGS = "$(inherited)";
				PRODUCT_BUNDLE_IDENTIFIER = CANHackUI;
				PRODUCT_MODULE_NAME = "$(TARGET_NAME:c99extidentifier)";
				PRODUCT_NAME = "$(TARGET_NAME:c99extidentifier)";
				PROVISIONING_PROFILE_SPECIFIER = "";
				SKIP_INSTALL = YES;
				SUPPORTS_MACCATALYST = YES;
				SWIFT_ACTIVE_COMPILATION_CONDITIONS = "$(inherited)";
				SWIFT_VERSION = 5.0;
				TARGETED_DEVICE_FAMILY = "1,2";
				TARGET_NAME = CANHackUI;
				TVOS_DEPLOYMENT_TARGET = 13.3;
				WATCHOS_DEPLOYMENT_TARGET = 6.2;
			};
			name = Release;
		};
/* End XCBuildConfiguration section */

/* Begin XCConfigurationList section */
		OBJ_2 /* Build configuration list for PBXProject "CANHack" */ = {
			isa = XCConfigurationList;
			buildConfigurations = (
				OBJ_3 /* Debug */,
				OBJ_4 /* Release */,
			);
			defaultConfigurationIsVisible = 0;
			defaultConfigurationName = Release;
		};
		OBJ_37 /* Build configuration list for PBXNativeTarget "CANHack" */ = {
			isa = XCConfigurationList;
			buildConfigurations = (
				OBJ_38 /* Debug */,
				OBJ_39 /* Release */,
			);
			defaultConfigurationIsVisible = 0;
			defaultConfigurationName = Release;
		};
		OBJ_52 /* Build configuration list for PBXNativeTarget "CANHackPackageDescription" */ = {
			isa = XCConfigurationList;
			buildConfigurations = (
				OBJ_53 /* Debug */,
				OBJ_54 /* Release */,
			);
			defaultConfigurationIsVisible = 0;
			defaultConfigurationName = Release;
		};
		OBJ_58 /* Build configuration list for PBXAggregateTarget "CANHackPackageTests" */ = {
			isa = XCConfigurationList;
			buildConfigurations = (
				OBJ_59 /* Debug */,
				OBJ_60 /* Release */,
			);
			defaultConfigurationIsVisible = 0;
			defaultConfigurationName = Release;
		};
		OBJ_63 /* Build configuration list for PBXNativeTarget "CANHackTests" */ = {
			isa = XCConfigurationList;
			buildConfigurations = (
				OBJ_64 /* Debug */,
				OBJ_65 /* Release */,
			);
			defaultConfigurationIsVisible = 0;
			defaultConfigurationName = Release;
		};
		OBJ_74 /* Build configuration list for PBXNativeTarget "CANHackUI" */ = {
			isa = XCConfigurationList;
			buildConfigurations = (
				OBJ_75 /* Debug */,
				OBJ_76 /* Release */,
			);
			defaultConfigurationIsVisible = 0;
			defaultConfigurationName = Release;
		};
/* End XCConfigurationList section */

/* Begin XCRemoteSwiftPackageReference section */
		73D23E5A247B813E00C307AA /* XCRemoteSwiftPackageReference "SmartCarUI" */ = {
			isa = XCRemoteSwiftPackageReference;
			repositoryURL = "git@github.com:CarSmarts/SmartCarUI.git";
			requirement = {
				branch = master;
				kind = branch;
			};
		};
/* End XCRemoteSwiftPackageReference section */

/* Begin XCSwiftPackageProductDependency section */
		73D23E5B247B813E00C307AA /* SmartCarUI */ = {
			isa = XCSwiftPackageProductDependency;
			package = 73D23E5A247B813E00C307AA /* XCRemoteSwiftPackageReference "SmartCarUI" */;
			productName = SmartCarUI;
		};
/* End XCSwiftPackageProductDependency section */
	};
	rootObject = OBJ_1 /* Project object */;
}
